{
  "name": "cantian",
  "lockfileVersion": 3,
  "requires": true,
  "packages": {
    "": {
      "dependencies": {
        "cantian-tymext": "^0.0.26"
      }
    },
    "node_modules/cantian-tymext": {
      "version": "0.0.26",
      "dependencies": {
        "date-fns-tz": "^3.2.0",
        "dayjs": "^1.11.13",
        "tyme4ts": "^1.4.2"
      }
    },
    "node_modules/date-fns": {
      "version": "4.4.0",
      "license": "MIT",
      "peer": true,
      "funding": {
        "type": "github",
        "url": "https://github.com/sponsors/kossnocorp"
      }
    },
    "node_modules/date-fns-tz": {
      "version": "3.2.0",
      "license": "MIT",
      "peerDependencies": {
        "date-fns": "^3.0.0 || ^4.0.0"
      }
    },
    "node_modules/dayjs": {
      "version": "1.11.23",
      "license": "MIT"
    },
    "node_modules/tyme4ts": {
      "version": "1.5.2",
      "resolved": "https://registry.npmjs.org/tyme4ts/-/tyme4ts-1.5.2.tgz",
      "integrity": "sha512-vVAjUv1ieXleS7hCOgjAoHaZ0BdNJIza0uDOhXNpndegqWQh9ytKMR0fjkG869yqLtpXAHnzNSouBg28nrIaAg==",
      "license": "MIT"
    }
  }
}
